# This file is automatically @generated by Cargo.
# It is not intended for manual editing.
[[package]]
name = "autocfg"
version = "1.0.1"
source = "registry+https://github.com/rust-lang/crates.io-index"

[[package]]
name = "cblas"
version = "0.2.0"
source = "registry+https://github.com/rust-lang/crates.io-index"
dependencies = [
 "cblas-sys 0.1.4 (registry+https://github.com/rust-lang/crates.io-index)",
 "libc 0.2.77 (registry+https://github.com/rust-lang/crates.io-index)",
 "num-complex 0.2.4 (registry+https://github.com/rust-lang/crates.io-index)",
]

[[package]]
name = "cblas-sys"
version = "0.1.4"
source = "registry+https://github.com/rust-lang/crates.io-index"
dependencies = [
 "libc 0.2.77 (registry+https://github.com/rust-lang/crates.io-index)",
]

[[package]]
name = "hermit-abi"
version = "0.1.16"
source = "registry+https://github.com/rust-lang/crates.io-index"
dependencies = [
 "libc 0.2.77 (registry+https://github.com/rust-lang/crates.io-index)",
]

[[package]]
name = "kinship_matrix"
version = "0.1.0"
dependencies = [
 "cblas 0.2.0 (registry+https://github.com/rust-lang/crates.io-index)",
 "libc 0.2.77 (registry+https://github.com/rust-lang/crates.io-index)",
 "num_cpus 1.13.0 (registry+https://github.com/rust-lang/crates.io-index)",
 "openblas-src 0.9.0 (registry+https://github.com/rust-lang/crates.io-index)",
]

[[package]]
name = "libc"
version = "0.2.77"
source = "registry+https://github.com/rust-lang/crates.io-index"

[[package]]
name = "num-complex"
version = "0.2.4"
source = "registry+https://github.com/rust-lang/crates.io-index"
dependencies = [
 "autocfg 1.0.1 (registry+https://github.com/rust-lang/crates.io-index)",
 "num-traits 0.2.12 (registry+https://github.com/rust-lang/crates.io-index)",
]

[[package]]
name = "num-traits"
version = "0.2.12"
source = "registry+https://github.com/rust-lang/crates.io-index"
dependencies = [
 "autocfg 1.0.1 (registry+https://github.com/rust-lang/crates.io-index)",
]

[[package]]
name = "num_cpus"
version = "1.13.0"
source = "registry+https://github.com/rust-lang/crates.io-index"
dependencies = [
 "hermit-abi 0.1.16 (registry+https://github.com/rust-lang/crates.io-index)",
 "libc 0.2.77 (registry+https://github.com/rust-lang/crates.io-index)",
]

[[package]]
name = "openblas-src"
version = "0.9.0"
source = "registry+https://github.com/rust-lang/crates.io-index"

[metadata]
"checksum autocfg 1.0.1 (registry+https://github.com/rust-lang/crates.io-index)" = "cdb031dd78e28731d87d56cc8ffef4a8f36ca26c38fe2de700543e627f8a464a"
"checksum cblas 0.2.0 (registry+https://github.com/rust-lang/crates.io-index)" = "d82f331add33eceb4c41cb28d878049b96f56577016daf190831e94e4aece5db"
"checksum cblas-sys 0.1.4 (registry+https://github.com/rust-lang/crates.io-index)" = "b6feecd82cce51b0204cf063f0041d69f24ce83f680d87514b004248e7b0fa65"
"checksum hermit-abi 0.1.16 (registry+https://github.com/rust-lang/crates.io-index)" = "4c30f6d0bc6b00693347368a67d41b58f2fb851215ff1da49e90fe2c5c667151"
"checksum libc 0.2.77 (registry+https://github.com/rust-lang/crates.io-index)" = "f2f96b10ec2560088a8e76961b00d47107b3a625fecb76dedb29ee7ccbf98235"
"checksum num-complex 0.2.4 (registry+https://github.com/rust-lang/crates.io-index)" = "b6b19411a9719e753aff12e5187b74d60d3dc449ec3f4dc21e3989c3f554bc95"
"checksum num-traits 0.2.12 (registry+https://github.com/rust-lang/crates.io-index)" = "ac267bcc07f48ee5f8935ab0d24f316fb722d7a1292e2913f0cc196b29ffd611"
"checksum num_cpus 1.13.0 (registry+https://github.com/rust-lang/crates.io-index)" = "05499f3756671c15885fee9034446956fff3f243d6077b91e5767df161f766b3"
"checksum openblas-src 0.9.0 (registry+https://github.com/rust-lang/crates.io-index)" = "84629d1d4f9f40d3f9e4756dae33c6af50d3c2fcc186558dac65bf55141ade6b"
